
Microsoft Visual Studio Solution File, Format Version 12.00
# Visual Studio 15
Project("{FAE04EC0-301F-11D3-BF4B-00C04F79EFBC}") = "Assembly-CSharp", "Assembly-CSharp.csproj", "{A6393D8F-9A35-7A85-0748-5C3B100104BF}"
EndProject
Project("{FAE04EC0-301F-11D3-BF4B-00C04F79EFBC}") = "Assembly-CSharp-Editor", "Assembly-CSharp-Editor.csproj", "{68FA7732-39C6-3012-9755-193BBDA64E43}"
EndProject
Global
	GlobalSection(SolutionConfigurationPlatforms) = preSolution
		Debug|Any CPU = Debug|Any CPU
		Release|Any CPU = Release|Any CPU
	EndGlobalSection
	GlobalSection(ProjectConfigurationPlatforms) = postSolution
		{A6393D8F-9A35-7A85-0748-5C3B100104BF}.Debug|Any CPU.ActiveCfg = Debug|Any CPU
		{A6393D8F-9A35-7A85-0748-5C3B100104BF}.Debug|Any CPU.Build.0 = Debug|Any CPU
		{A6393D8F-9A35-7A85-0748-5C3B100104BF}.Release|Any CPU.ActiveCfg = Release|Any CPU
		{A6393D8F-9A35-7A85-0748-5C3B100104BF}.Release|Any CPU.Build.0 = Release|Any CPU
		{68FA7732-39C6-3012-9755-193BBDA64E43}.Debug|Any CPU.ActiveCfg = Debug|Any CPU
		{68FA7732-39C6-3012-9755-193BBDA64E43}.Debug|Any CPU.Build.0 = Debug|Any CPU
		{68FA7732-39C6-3012-9755-193BBDA64E43}.Release|Any CPU.ActiveCfg = Release|Any CPU
		{68FA7732-39C6-3012-9755-193BBDA64E43}.Release|Any CPU.Build.0 = Release|Any CPU
	EndGlobalSection
	GlobalSection(SolutionProperties) = preSolution
		HideSolutionNode = FALSE
	EndGlobalSection
EndGlobal
